<?xml version="1.0" encoding="utf-8"?>
<Project ToolsVersion="4.0" xmlns="http://schemas.microsoft.com/developer/msbuild/2003">
  <ItemGroup>
    <Filter Include="Source Files">
      <UniqueIdentifier>{4FC737F1-C7A5-4376-A066-2A32D752A2FF}</UniqueIdentifier>
      <Extensions>cpp;c;cc;cxx;def;odl;idl;hpj;bat;asm;asmx</Extensions>
    </Filter>
    <Filter Include="Header Files">
      <UniqueIdentifier>{93995380-89BD-4b04-88EB-625FBE52EBFB}</UniqueIdentifier>
      <Extensions>h;hh;hpp;hxx;hm;inl;inc;xsd</Extensions>
    </Filter>
    <Filter Include="Resource Files">
      <UniqueIdentifier>{D9D6E242-F8AF-46E4-B9FD-80ECBC20BA3E}</UniqueIdentifier>
      <Extensions>qrc;*</Extensions>
      <ParseFiles>false</ParseFiles>
    </Filter>
    <Filter Include="Resource Files">
      <UniqueIdentifier>{D9D6E242-F8AF-46E4-B9FD-80ECBC20BA3E}</UniqueIdentifier>
      <Extensions>qrc;*</Extensions>
      <ParseFiles>false</ParseFiles>
    </Filter>
    <Filter Include="Generated Files">
      <UniqueIdentifier>{71ED8ED8-ACB9-4CE9-BBE1-E00B30144E11}</UniqueIdentifier>
      <Extensions>moc;h;cpp</Extensions>
      <SourceControlFiles>False</SourceControlFiles>
    </Filter>
    <Filter Include="demo">
      <UniqueIdentifier>{2e6f7c52-710c-4ffe-88c9-5f420d77ab2c}</UniqueIdentifier>
    </Filter>
    <Filter Include="PyExport">
      <UniqueIdentifier>{c96881f6-d8b2-46f6-9b7f-bca74b187896}</UniqueIdentifier>
    </Filter>
  </ItemGroup>
  <ItemGroup>
    <ClCompile Include="PluginPy.cpp">
      <Filter>Source Files</Filter>
    </ClCompile>
    <ClCompile Include="GeneratedFiles\Precompiled.h.cpp">
      <Filter>Generated Files</Filter>
    </ClCompile>
    <ClCompile Include="pybind11_demo\fibonacci.cpp">
      <Filter>demo</Filter>
    </ClCompile>
    <ClCompile Include="ExportPy.cpp">
      <Filter>PyExport</Filter>
    </ClCompile>
    <ClCompile Include="ExportPyQString.cpp">
      <Filter>PyExport</Filter>
    </ClCompile>
    <ClCompile Include="ExportPyCatItem.cpp">
      <Filter>PyExport</Filter>
    </ClCompile>
  </ItemGroup>
  <ItemGroup>
    <ClInclude Include="PluginPy.h">
      <Filter>Header Files</Filter>
    </ClInclude>
    <ClInclude Include="PluginPyLib.h">
      <Filter>Header Files</Filter>
    </ClInclude>
    <ClInclude Include="pybind11_demo\fibonacci.h">
      <Filter>demo</Filter>
    </ClInclude>
    <ClInclude Include="ExportPy.h">
      <Filter>PyExport</Filter>
    </ClInclude>
    <ClInclude Include="ExportPyQString.h">
      <Filter>PyExport</Filter>
    </ClInclude>
    <ClInclude Include="ExportPyCatItem.h">
      <Filter>PyExport</Filter>
    </ClInclude>
  </ItemGroup>
  <ItemGroup>
    <CustomBuild Include="Precompiled.h">
      <Filter>Header Files</Filter>
    </CustomBuild>
  </ItemGroup>
</Project>