<?xml version="1.0" encoding="utf-8"?>
<Project ToolsVersion="4.0" xmlns="http://schemas.microsoft.com/developer/msbuild/2003">
  <ItemGroup>
    <Filter Include="Form Files">
      <UniqueIdentifier>{99349809-55BA-4b9d-BF79-8FDBB0286EB3}</UniqueIdentifier>
      <Extensions>ui</Extensions>
      <ParseFiles>false</ParseFiles>
    </Filter>
    <Filter Include="Form Files">
      <UniqueIdentifier>{99349809-55BA-4b9d-BF79-8FDBB0286EB3}</UniqueIdentifier>
      <Extensions>ui</Extensions>
      <ParseFiles>false</ParseFiles>
    </Filter>
    <Filter Include="Generated Files">
      <UniqueIdentifier>{71ED8ED8-ACB9-4CE9-BBE1-E00B30144E11}</UniqueIdentifier>
      <Extensions>cpp;c;cxx;moc;h;def;odl;idl;res;</Extensions>
    </Filter>
    <Filter Include="Generated Files">
      <UniqueIdentifier>{71ED8ED8-ACB9-4CE9-BBE1-E00B30144E11}</UniqueIdentifier>
      <Extensions>cpp;c;cxx;moc;h;def;odl;idl;res;</Extensions>
    </Filter>
    <Filter Include="Header Files">
      <UniqueIdentifier>{93995380-89BD-4b04-88EB-625FBE52EBFB}</UniqueIdentifier>
      <Extensions>h;hpp;hxx;hm;inl;inc;xsd</Extensions>
    </Filter>
    <Filter Include="Header Files">
      <UniqueIdentifier>{93995380-89BD-4b04-88EB-625FBE52EBFB}</UniqueIdentifier>
      <Extensions>h;hpp;hxx;hm;inl;inc;xsd</Extensions>
    </Filter>
    <Filter Include="Resource Files">
      <UniqueIdentifier>{D9D6E242-F8AF-46E4-B9FD-80ECBC20BA3E}</UniqueIdentifier>
      <Extensions>qrc;*</Extensions>
      <ParseFiles>false</ParseFiles>
    </Filter>
    <Filter Include="Resource Files">
      <UniqueIdentifier>{D9D6E242-F8AF-46E4-B9FD-80ECBC20BA3E}</UniqueIdentifier>
      <Extensions>qrc;*</Extensions>
      <ParseFiles>false</ParseFiles>
    </Filter>
    <Filter Include="Source Files">
      <UniqueIdentifier>{4FC737F1-C7A5-4376-A066-2A32D752A2FF}</UniqueIdentifier>
      <Extensions>cpp;c;cxx;def;odl;idl;hpj;bat;asm;asmx</Extensions>
    </Filter>
    <Filter Include="Source Files">
      <UniqueIdentifier>{4FC737F1-C7A5-4376-A066-2A32D752A2FF}</UniqueIdentifier>
      <Extensions>cpp;c;cxx;def;odl;idl;hpj;bat;asm;asmx</Extensions>
    </Filter>
    <Filter Include="Translation Files">
      <UniqueIdentifier>{639EADAA-A684-42e4-A9AD-28FC9BCB8F7C}</UniqueIdentifier>
      <Extensions>ts;xlf</Extensions>
      <ParseFiles>false</ParseFiles>
    </Filter>
    <Filter Include="Translation Files">
      <UniqueIdentifier>{639EADAA-A684-42e4-A9AD-28FC9BCB8F7C}</UniqueIdentifier>
      <Extensions>ts;xlf</Extensions>
      <ParseFiles>false</ParseFiles>
    </Filter>
    <Filter Include="Widgets">
      <UniqueIdentifier>{2e563e79-d236-4335-b57b-008e9b2b97a2}</UniqueIdentifier>
    </Filter>
    <Filter Include="SingleApplication">
      <UniqueIdentifier>{1629723e-3465-48c1-9841-da5390f9faf8}</UniqueIdentifier>
    </Filter>
    <Filter Include="QHotKey">
      <UniqueIdentifier>{71c7d8e2-bef8-4ca3-9539-3ffedf6cd634}</UniqueIdentifier>
    </Filter>
    <Filter Include="Generated Files\Debug">
      <UniqueIdentifier>{3e874a50-e52b-4aaf-8b20-784e8b4276c0}</UniqueIdentifier>
      <Extensions>cpp;moc</Extensions>
      <SourceControlFiles>False</SourceControlFiles>
    </Filter>
    <Filter Include="Generated Files\Release">
      <UniqueIdentifier>{c1fa0b42-6061-4462-8c44-62e9889e05ce}</UniqueIdentifier>
      <Extensions>cpp;moc</Extensions>
      <SourceControlFiles>False</SourceControlFiles>
    </Filter>
    <Filter Include="PluginHandler">
      <UniqueIdentifier>{e4b012c8-d7ac-4991-9dfe-8b61a92d4b00}</UniqueIdentifier>
    </Filter>
    <Filter Include="Windows">
      <UniqueIdentifier>{6391ff04-2099-4a6a-96de-cbf68673a03f}</UniqueIdentifier>
    </Filter>
  </ItemGroup>
  <ItemGroup>
    <ClCompile Include="CommandHistory.cpp">
      <Filter>Source Files</Filter>
    </ClCompile>
    <ClCompile Include="FileSearch.cpp">
      <Filter>Source Files</Filter>
    </ClCompile>
    <ClCompile Include="SettingsManager.cpp">
      <Filter>Source Files</Filter>
    </ClCompile>
    <ClCompile Include="GeneratedFiles\qrc_launchy.cpp">
      <Filter>Generated Files</Filter>
    </ClCompile>
    <ClCompile Include="AnimationLabel.cpp">
      <Filter>Widgets</Filter>
    </ClCompile>
    <ClCompile Include="CharLineEdit.cpp">
      <Filter>Widgets</Filter>
    </ClCompile>
    <ClCompile Include="CharListWidget.cpp">
      <Filter>Widgets</Filter>
    </ClCompile>
    <ClCompile Include="DropListWidget.cpp">
      <Filter>Widgets</Filter>
    </ClCompile>
    <ClCompile Include="LaunchyWidget.cpp">
      <Filter>Widgets</Filter>
    </ClCompile>
    <ClCompile Include="OptionDialog.cpp">
      <Filter>Widgets</Filter>
    </ClCompile>
    <ClCompile Include="win\AppWin.cpp">
      <Filter>Windows</Filter>
    </ClCompile>
    <ClCompile Include="main.cpp">
      <Filter>Source Files</Filter>
    </ClCompile>
    <ClCompile Include="..\deps\QHotkey\QHotkey.cpp">
      <Filter>QHotKey</Filter>
    </ClCompile>
    <ClCompile Include="..\deps\QHotkey\QHotkeyP.cpp">
      <Filter>QHotKey</Filter>
    </ClCompile>
    <ClCompile Include="..\deps\QHotkey\QHotkeyWin.cpp">
      <Filter>QHotKey</Filter>
    </ClCompile>
    <ClCompile Include="..\deps\SingleApplication\singleapplication.cpp">
      <Filter>SingleApplication</Filter>
    </ClCompile>
    <ClCompile Include="..\deps\SingleApplication\singleapplication_p.cpp">
      <Filter>SingleApplication</Filter>
    </ClCompile>
    <ClCompile Include="win\IconProviderWin.cpp">
      <Filter>Windows</Filter>
    </ClCompile>
    <ClCompile Include="win\UtilWin.cpp">
      <Filter>Windows</Filter>
    </ClCompile>
    <ClCompile Include="win\CrashDumper.cpp">
      <Filter>Windows</Filter>
    </ClCompile>
    <ClCompile Include="IconExtractor.cpp">
      <Filter>Source Files</Filter>
    </ClCompile>
    <ClCompile Include="Fader.cpp">
      <Filter>Widgets</Filter>
    </ClCompile>
    <ClCompile Include="IconDelegate.cpp">
      <Filter>Widgets</Filter>
    </ClCompile>
    <ClCompile Include="GlobalVar.cpp">
      <Filter>Source Files</Filter>
    </ClCompile>
    <ClCompile Include="CatalogBuilder.cpp">
      <Filter>Source Files</Filter>
    </ClCompile>
    <ClCompile Include="Catalog.cpp">
      <Filter>Source Files</Filter>
    </ClCompile>
    <ClCompile Include="InputDataList.cpp">
      <Filter>Source Files</Filter>
    </ClCompile>
    <ClCompile Include="GeneratedFiles\precompiled.h.cpp">
      <Filter>Generated Files</Filter>
    </ClCompile>
    <ClCompile Include="PluginHandler.cpp">
      <Filter>PluginHandler</Filter>
    </ClCompile>
    <ClCompile Include="FileBrowser.cpp">
      <Filter>Widgets</Filter>
    </ClCompile>
    <ClCompile Include="FileBrowserDelegate.cpp">
      <Filter>Widgets</Filter>
    </ClCompile>
    <ClCompile Include="Logger.cpp">
      <Filter>Source Files</Filter>
    </ClCompile>
    <ClCompile Include="OptionItem.cpp">
      <Filter>Source Files</Filter>
    </ClCompile>
    <ClCompile Include="Directory.cpp">
      <Filter>Source Files</Filter>
    </ClCompile>
    <ClCompile Include="GeneratedFiles\Debug\moc_singleapplication_p.cpp">
      <Filter>Generated Files\Debug</Filter>
    </ClCompile>
    <ClCompile Include="GeneratedFiles\Release\moc_singleapplication_p.cpp">
      <Filter>Generated Files\Release</Filter>
    </ClCompile>
    <ClCompile Include="GeneratedFiles\Debug\moc_singleapplication.cpp">
      <Filter>Generated Files\Debug</Filter>
    </ClCompile>
    <ClCompile Include="GeneratedFiles\Release\moc_singleapplication.cpp">
      <Filter>Generated Files\Release</Filter>
    </ClCompile>
    <ClCompile Include="GeneratedFiles\Debug\moc_QHotkeyP.cpp">
      <Filter>Generated Files\Debug</Filter>
    </ClCompile>
    <ClCompile Include="GeneratedFiles\Release\moc_QHotkeyP.cpp">
      <Filter>Generated Files\Release</Filter>
    </ClCompile>
    <ClCompile Include="GeneratedFiles\Debug\moc_QHotkey.cpp">
      <Filter>Generated Files\Debug</Filter>
    </ClCompile>
    <ClCompile Include="GeneratedFiles\Release\moc_QHotkey.cpp">
      <Filter>Generated Files\Release</Filter>
    </ClCompile>
    <ClCompile Include="GeneratedFiles\Debug\moc_OptionDialog.cpp">
      <Filter>Generated Files\Debug</Filter>
    </ClCompile>
    <ClCompile Include="GeneratedFiles\Release\moc_OptionDialog.cpp">
      <Filter>Generated Files\Release</Filter>
    </ClCompile>
    <ClCompile Include="GeneratedFiles\Debug\moc_LaunchyWidget.cpp">
      <Filter>Generated Files\Debug</Filter>
    </ClCompile>
    <ClCompile Include="GeneratedFiles\Release\moc_LaunchyWidget.cpp">
      <Filter>Generated Files\Release</Filter>
    </ClCompile>
    <ClCompile Include="GeneratedFiles\Debug\moc_IconExtractor.cpp">
      <Filter>Generated Files\Debug</Filter>
    </ClCompile>
    <ClCompile Include="GeneratedFiles\Release\moc_IconExtractor.cpp">
      <Filter>Generated Files\Release</Filter>
    </ClCompile>
    <ClCompile Include="GeneratedFiles\Debug\moc_IconDelegate.cpp">
      <Filter>Generated Files\Debug</Filter>
    </ClCompile>
    <ClCompile Include="GeneratedFiles\Release\moc_IconDelegate.cpp">
      <Filter>Generated Files\Release</Filter>
    </ClCompile>
    <ClCompile Include="GeneratedFiles\Debug\moc_FileBrowserDelegate.cpp">
      <Filter>Generated Files\Debug</Filter>
    </ClCompile>
    <ClCompile Include="GeneratedFiles\Release\moc_FileBrowserDelegate.cpp">
      <Filter>Generated Files\Release</Filter>
    </ClCompile>
    <ClCompile Include="GeneratedFiles\Debug\moc_FileBrowser.cpp">
      <Filter>Generated Files\Debug</Filter>
    </ClCompile>
    <ClCompile Include="GeneratedFiles\Release\moc_FileBrowser.cpp">
      <Filter>Generated Files\Release</Filter>
    </ClCompile>
    <ClCompile Include="GeneratedFiles\Debug\moc_Fader.cpp">
      <Filter>Generated Files\Debug</Filter>
    </ClCompile>
    <ClCompile Include="GeneratedFiles\Release\moc_Fader.cpp">
      <Filter>Generated Files\Release</Filter>
    </ClCompile>
    <ClCompile Include="GeneratedFiles\Debug\moc_DropListWidget.cpp">
      <Filter>Generated Files\Debug</Filter>
    </ClCompile>
    <ClCompile Include="GeneratedFiles\Release\moc_DropListWidget.cpp">
      <Filter>Generated Files\Release</Filter>
    </ClCompile>
    <ClCompile Include="GeneratedFiles\Debug\moc_CharListWidget.cpp">
      <Filter>Generated Files\Debug</Filter>
    </ClCompile>
    <ClCompile Include="GeneratedFiles\Release\moc_CharListWidget.cpp">
      <Filter>Generated Files\Release</Filter>
    </ClCompile>
    <ClCompile Include="GeneratedFiles\Debug\moc_CharLineEdit.cpp">
      <Filter>Generated Files\Debug</Filter>
    </ClCompile>
    <ClCompile Include="GeneratedFiles\Release\moc_CharLineEdit.cpp">
      <Filter>Generated Files\Release</Filter>
    </ClCompile>
    <ClCompile Include="GeneratedFiles\Debug\moc_CatalogBuilder.cpp">
      <Filter>Generated Files\Debug</Filter>
    </ClCompile>
    <ClCompile Include="GeneratedFiles\Release\moc_CatalogBuilder.cpp">
      <Filter>Generated Files\Release</Filter>
    </ClCompile>
    <ClCompile Include="UpdateChecker.cpp">
      <Filter>Source Files</Filter>
    </ClCompile>
    <ClCompile Include="GeneratedFiles\Debug\moc_UpdateChecker.cpp">
      <Filter>Generated Files\Debug</Filter>
    </ClCompile>
    <ClCompile Include="GeneratedFiles\Release\moc_UpdateChecker.cpp">
      <Filter>Generated Files\Release</Filter>
    </ClCompile>
    <ClCompile Include="IconProviderBase.cpp">
      <Filter>Source Files</Filter>
    </ClCompile>
    <ClCompile Include="AppBase.cpp">
      <Filter>Source Files</Filter>
    </ClCompile>
    <ClCompile Include="TranslationManager.cpp">
      <Filter>Source Files</Filter>
    </ClCompile>
    <ClCompile Include="win\LaunchyWidgetWin.cpp">
      <Filter>Windows</Filter>
    </ClCompile>
  </ItemGroup>
  <ItemGroup>
    <ClInclude Include="CommandHistory.h">
      <Filter>Header Files</Filter>
    </ClInclude>
    <ClInclude Include="FileSearch.h">
      <Filter>Header Files</Filter>
    </ClInclude>
    <ClInclude Include="SettingsManager.h">
      <Filter>Header Files</Filter>
    </ClInclude>
    <CustomBuild Include="precompiled.h">
      <Filter>Header Files</Filter>
    </CustomBuild>
    <ClInclude Include="Directory.h">
      <Filter>Header Files</Filter>
    </ClInclude>
    <CustomBuild Include="CharLineEdit.h">
      <Filter>Widgets</Filter>
    </CustomBuild>
    <ClInclude Include="GeneratedFiles\ui_OptionDialog.h">
      <Filter>Generated Files</Filter>
    </ClInclude>
    <ClInclude Include="win\IconProviderWin.h">
      <Filter>Windows</Filter>
    </ClInclude>
    <ClInclude Include="win\UtilWin.h">
      <Filter>Windows</Filter>
    </ClInclude>
    <ClInclude Include="win\CrashDumper.h">
      <Filter>Windows</Filter>
    </ClInclude>
    <ClInclude Include="GlobalVar.h">
      <Filter>Header Files</Filter>
    </ClInclude>
    <ClInclude Include="Catalog.h">
      <Filter>Header Files</Filter>
    </ClInclude>
    <ClInclude Include="InputDataList.h">
      <Filter>Header Files</Filter>
    </ClInclude>
    <ClInclude Include="PluginHandler.h">
      <Filter>PluginHandler</Filter>
    </ClInclude>
    <ClInclude Include="Logger.h">
      <Filter>Header Files</Filter>
    </ClInclude>
    <ClInclude Include="OptionItem.h">
      <Filter>Header Files</Filter>
    </ClInclude>
    <ClInclude Include="IconProviderBase.h">
      <Filter>Header Files</Filter>
    </ClInclude>
    <ClInclude Include="AppBase.h">
      <Filter>Header Files</Filter>
    </ClInclude>
    <ClInclude Include="TranslationManager.h">
      <Filter>Header Files</Filter>
    </ClInclude>
    <ClInclude Include="win\LaunchyWidgetWin.h">
      <Filter>Windows</Filter>
    </ClInclude>
  </ItemGroup>
  <ItemGroup>
    <CustomBuild Include="CharListWidget.h">
      <Filter>Widgets</Filter>
    </CustomBuild>
    <CustomBuild Include="LaunchyWidget.h">
      <Filter>Widgets</Filter>
    </CustomBuild>
    <CustomBuild Include="DropListWidget.h">
      <Filter>Widgets</Filter>
    </CustomBuild>
    <CustomBuild Include="OptionDialog.h">
      <Filter>Widgets</Filter>
    </CustomBuild>
    <CustomBuild Include="OptionDialog.ui">
      <Filter>Form Files</Filter>
    </CustomBuild>
    <CustomBuild Include="win\AppWin.h">
      <Filter>Windows</Filter>
    </CustomBuild>
    <CustomBuild Include="..\deps\QHotkey\QHotkey.h">
      <Filter>QHotKey</Filter>
    </CustomBuild>
    <CustomBuild Include="..\deps\QHotkey\QHotkeyP.h">
      <Filter>QHotKey</Filter>
    </CustomBuild>
    <CustomBuild Include="..\deps\SingleApplication\singleapplication.h">
      <Filter>SingleApplication</Filter>
    </CustomBuild>
    <CustomBuild Include="..\deps\SingleApplication\singleapplication_p.h">
      <Filter>SingleApplication</Filter>
    </CustomBuild>
    <CustomBuild Include="IconExtractor.h">
      <Filter>Header Files</Filter>
    </CustomBuild>
    <CustomBuild Include="Fader.h">
      <Filter>Widgets</Filter>
    </CustomBuild>
    <CustomBuild Include="IconDelegate.h">
      <Filter>Widgets</Filter>
    </CustomBuild>
    <CustomBuild Include="CatalogBuilder.h">
      <Filter>Header Files</Filter>
    </CustomBuild>
    <CustomBuild Include="FileBrowserDelegate.h">
      <Filter>Widgets</Filter>
    </CustomBuild>
    <CustomBuild Include="FileBrowser.h">
      <Filter>Widgets</Filter>
    </CustomBuild>
    <CustomBuild Include="UpdateChecker.h">
      <Filter>Header Files</Filter>
    </CustomBuild>
  </ItemGroup>
  <ItemGroup>
    <None Include="resources\basicskin.qss">
      <Filter>Resource Files</Filter>
    </None>
    <CustomBuild Include="launchy.qrc">
      <Filter>Resource Files</Filter>
    </CustomBuild>
    <None Include="resources\launchy128.png">
      <Filter>Resource Files</Filter>
    </None>
    <None Include="resources\launchy16.png">
      <Filter>Resource Files</Filter>
    </None>
    <None Include="..\translations\launchy_de.ts">
      <Filter>Translation Files</Filter>
    </None>
    <None Include="..\translations\launchy_es.ts">
      <Filter>Translation Files</Filter>
    </None>
    <None Include="..\translations\launchy_fr.ts">
      <Filter>Translation Files</Filter>
    </None>
    <None Include="..\translations\launchy_ja.ts">
      <Filter>Translation Files</Filter>
    </None>
    <None Include="..\translations\launchy_nl.ts">
      <Filter>Translation Files</Filter>
    </None>
    <None Include="..\translations\launchy_ru.ts">
      <Filter>Translation Files</Filter>
    </None>
    <None Include="..\translations\launchy_zh_CN.ts">
      <Filter>Translation Files</Filter>
    </None>
    <None Include="..\translations\launchy_zh_TW.ts">
      <Filter>Translation Files</Filter>
    </None>
  </ItemGroup>
  <ItemGroup>
    <ResourceCompile Include="win\launchy.rc">
      <Filter>Resource Files</Filter>
    </ResourceCompile>
  </ItemGroup>
  <ItemGroup>
    <ClInclude Include="AnimationLabel.h">
      <Filter>Widgets</Filter>
    </ClInclude>
  </ItemGroup>
  <ItemGroup>
    <Image Include="win\launchy.ico">
      <Filter>Resource Files</Filter>
    </Image>
  </ItemGroup>
</Project>