<?xml version="1.0" encoding="utf-8"?>
<Project ToolsVersion="4.0" xmlns="http://schemas.microsoft.com/developer/msbuild/2003">
  <ItemGroup>
    <Filter Include="Form Files">
      <UniqueIdentifier>{99349809-55BA-4b9d-BF79-8FDBB0286EB3}</UniqueIdentifier>
      <Extensions>ui</Extensions>
      <ParseFiles>false</ParseFiles>
    </Filter>
    <Filter Include="Form Files">
      <UniqueIdentifier>{99349809-55BA-4b9d-BF79-8FDBB0286EB3}</UniqueIdentifier>
      <Extensions>ui</Extensions>
      <ParseFiles>false</ParseFiles>
    </Filter>
    <Filter Include="Generated Files">
      <UniqueIdentifier>{71ED8ED8-ACB9-4CE9-BBE1-E00B30144E11}</UniqueIdentifier>
      <Extensions>cpp;c;cxx;moc;h;def;odl;idl;res;</Extensions>
    </Filter>
    <Filter Include="Generated Files">
      <UniqueIdentifier>{71ED8ED8-ACB9-4CE9-BBE1-E00B30144E11}</UniqueIdentifier>
      <Extensions>cpp;c;cxx;moc;h;def;odl;idl;res;</Extensions>
    </Filter>
    <Filter Include="Header Files">
      <UniqueIdentifier>{93995380-89BD-4b04-88EB-625FBE52EBFB}</UniqueIdentifier>
      <Extensions>h;hpp;hxx;hm;inl;inc;xsd</Extensions>
    </Filter>
    <Filter Include="Header Files">
      <UniqueIdentifier>{93995380-89BD-4b04-88EB-625FBE52EBFB}</UniqueIdentifier>
      <Extensions>h;hpp;hxx;hm;inl;inc;xsd</Extensions>
    </Filter>
    <Filter Include="Resource Files">
      <UniqueIdentifier>{D9D6E242-F8AF-46E4-B9FD-80ECBC20BA3E}</UniqueIdentifier>
      <Extensions>qrc;*</Extensions>
      <ParseFiles>false</ParseFiles>
    </Filter>
    <Filter Include="Resource Files">
      <UniqueIdentifier>{D9D6E242-F8AF-46E4-B9FD-80ECBC20BA3E}</UniqueIdentifier>
      <Extensions>qrc;*</Extensions>
      <ParseFiles>false</ParseFiles>
    </Filter>
    <Filter Include="Source Files">
      <UniqueIdentifier>{4FC737F1-C7A5-4376-A066-2A32D752A2FF}</UniqueIdentifier>
      <Extensions>cpp;c;cxx;def;odl;idl;hpj;bat;asm;asmx</Extensions>
    </Filter>
    <Filter Include="Source Files">
      <UniqueIdentifier>{4FC737F1-C7A5-4376-A066-2A32D752A2FF}</UniqueIdentifier>
      <Extensions>cpp;c;cxx;def;odl;idl;hpj;bat;asm;asmx</Extensions>
    </Filter>
    <Filter Include="Translation Files">
      <UniqueIdentifier>{639EADAA-A684-42e4-A9AD-28FC9BCB8F7C}</UniqueIdentifier>
      <Extensions>ts;xlf</Extensions>
      <ParseFiles>false</ParseFiles>
    </Filter>
    <Filter Include="Translation Files">
      <UniqueIdentifier>{639EADAA-A684-42e4-A9AD-28FC9BCB8F7C}</UniqueIdentifier>
      <Extensions>ts;xlf</Extensions>
      <ParseFiles>false</ParseFiles>
    </Filter>
    <Filter Include="GlobalHotKey">
      <UniqueIdentifier>{71c7d8e2-bef8-4ca3-9539-3ffedf6cd634}</UniqueIdentifier>
    </Filter>
    <Filter Include="Widgets">
      <UniqueIdentifier>{2e563e79-d236-4335-b57b-008e9b2b97a2}</UniqueIdentifier>
    </Filter>
  </ItemGroup>
  <ItemGroup>
    <ClCompile Include="CommandHistory.cpp">
      <Filter>Source Files</Filter>
    </ClCompile>
    <ClCompile Include="Fader.cpp">
      <Filter>Source Files</Filter>
    </ClCompile>
    <ClCompile Include="FileSearch.cpp">
      <Filter>Source Files</Filter>
    </ClCompile>
    <ClCompile Include="InputDataList.cpp">
      <Filter>Source Files</Filter>
    </ClCompile>
    <ClCompile Include="SettingsManager.cpp">
      <Filter>Source Files</Filter>
    </ClCompile>
    <ClCompile Include="catalog.cpp">
      <Filter>Source Files</Filter>
    </ClCompile>
    <ClCompile Include="catalog_builder.cpp">
      <Filter>Source Files</Filter>
    </ClCompile>
    <ClCompile Include="catalog_types.cpp">
      <Filter>Source Files</Filter>
    </ClCompile>
    <ClCompile Include="globals.cpp">
      <Filter>Source Files</Filter>
    </ClCompile>
    <ClCompile Include="icon_delegate.cpp">
      <Filter>Source Files</Filter>
    </ClCompile>
    <ClCompile Include="icon_extractor.cpp">
      <Filter>Source Files</Filter>
    </ClCompile>
    <ClCompile Include="plugin_handler.cpp">
      <Filter>Source Files</Filter>
    </ClCompile>
    <ClCompile Include="plugin_interface.cpp">
      <Filter>Source Files</Filter>
    </ClCompile>
    <ClCompile Include="build\moc_icon_extractor.cpp">
      <Filter>Generated Files</Filter>
    </ClCompile>
    <ClCompile Include="build\moc_Fader.cpp">
      <Filter>Generated Files</Filter>
    </ClCompile>
    <ClCompile Include="build\moc_CharListWidget.cpp">
      <Filter>Generated Files</Filter>
    </ClCompile>
    <ClCompile Include="build\moc_catalog_builder.cpp">
      <Filter>Generated Files</Filter>
    </ClCompile>
    <ClCompile Include="build\moc_CharLineEdit.cpp">
      <Filter>Generated Files</Filter>
    </ClCompile>
    <ClCompile Include="build\moc_icon_delegate.cpp">
      <Filter>Generated Files</Filter>
    </ClCompile>
    <ClCompile Include="GeneratedFiles\qrc_launchy.cpp">
      <Filter>Generated Files</Filter>
    </ClCompile>
    <ClCompile Include="QHotkey.cpp">
      <Filter>GlobalHotKey</Filter>
    </ClCompile>
    <ClCompile Include="build\moc_QHotkey.cpp">
      <Filter>Generated Files</Filter>
    </ClCompile>
    <ClCompile Include="QHotkeyP.cpp">
      <Filter>GlobalHotKey</Filter>
    </ClCompile>
    <ClCompile Include="build\moc_QHotkeyP.cpp">
      <Filter>Generated Files</Filter>
    </ClCompile>
    <ClCompile Include="build\moc_LaunchyWidget.cpp">
      <Filter>Generated Files</Filter>
    </ClCompile>
    <ClCompile Include="main.cpp">
      <Filter>Source Files</Filter>
    </ClCompile>
    <ClCompile Include="precompiled.h.cpp">
      <Filter>Generated Files</Filter>
    </ClCompile>
    <ClCompile Include="build\moc_DropListWidget.cpp">
      <Filter>Generated Files</Filter>
    </ClCompile>
    <ClCompile Include="build\moc_FileBrowser.cpp">
      <Filter>Generated Files</Filter>
    </ClCompile>
    <ClCompile Include="build\moc_FileBrowserDelegate.cpp">
      <Filter>Generated Files</Filter>
    </ClCompile>
    <ClCompile Include="FileBrowser.cpp">
      <Filter>Source Files</Filter>
    </ClCompile>
    <ClCompile Include="FileBrowserDelegate.cpp">
      <Filter>Source Files</Filter>
    </ClCompile>
    <ClCompile Include="win\minidump.cpp">
      <Filter>Source Files</Filter>
    </ClCompile>
    <ClCompile Include="win\platform_win.cpp">
      <Filter>Source Files</Filter>
    </ClCompile>
    <ClCompile Include="win\platform_win_util.cpp">
      <Filter>Source Files</Filter>
    </ClCompile>
    <ClCompile Include="win\WinIconProvider.cpp">
      <Filter>Source Files</Filter>
    </ClCompile>
    <ClCompile Include="win\QHotkeyWin.cpp">
      <Filter>GlobalHotKey</Filter>
    </ClCompile>
    <ClCompile Include="build\moc_platform_win.cpp">
      <Filter>Generated Files</Filter>
    </ClCompile>
    <ClCompile Include="AnimationLabel.cpp">
      <Filter>Widgets</Filter>
    </ClCompile>
    <ClCompile Include="CharLineEdit.cpp">
      <Filter>Widgets</Filter>
    </ClCompile>
    <ClCompile Include="CharListWidget.cpp">
      <Filter>Widgets</Filter>
    </ClCompile>
    <ClCompile Include="DropListWidget.cpp">
      <Filter>Widgets</Filter>
    </ClCompile>
    <ClCompile Include="LaunchyWidget.cpp">
      <Filter>Widgets</Filter>
    </ClCompile>
    <ClCompile Include="build\moc_OptionDialog.cpp">
      <Filter>Generated Files</Filter>
    </ClCompile>
    <ClCompile Include="OptionDialog.cpp">
      <Filter>Widgets</Filter>
    </ClCompile>
    <ClCompile Include="QLogger.cpp">
      <Filter>Source Files</Filter>
    </ClCompile>
  </ItemGroup>
  <ItemGroup>
    <ClInclude Include="CommandHistory.h">
      <Filter>Header Files</Filter>
    </ClInclude>
    <CustomBuild Include="Fader.h">
      <Filter>Header Files</Filter>
    </CustomBuild>
    <ClInclude Include="FileSearch.h">
      <Filter>Header Files</Filter>
    </ClInclude>
    <ClInclude Include="InputDataList.h">
      <Filter>Header Files</Filter>
    </ClInclude>
    <ClInclude Include="SettingsManager.h">
      <Filter>Header Files</Filter>
    </ClInclude>
    <ClInclude Include="..\platforms\win\WinIconProvider.h">
      <Filter>Header Files</Filter>
    </ClInclude>
    <ClInclude Include="catalog.h">
      <Filter>Header Files</Filter>
    </ClInclude>
    <CustomBuild Include="catalog_builder.h">
      <Filter>Header Files</Filter>
    </CustomBuild>
    <ClInclude Include="catalog_types.h">
      <Filter>Header Files</Filter>
    </ClInclude>
    <ClInclude Include="globals.h">
      <Filter>Header Files</Filter>
    </ClInclude>
    <CustomBuild Include="icon_delegate.h">
      <Filter>Header Files</Filter>
    </CustomBuild>
    <CustomBuild Include="icon_extractor.h">
      <Filter>Header Files</Filter>
    </CustomBuild>
    <ClInclude Include="platform_base.h">
      <Filter>Header Files</Filter>
    </ClInclude>
    <ClInclude Include="..\platforms\win\platform_win_util.h">
      <Filter>Header Files</Filter>
    </ClInclude>
    <ClInclude Include="plugin_handler.h">
      <Filter>Header Files</Filter>
    </ClInclude>
    <ClInclude Include="plugin_interface.h">
      <Filter>Header Files</Filter>
    </ClInclude>
    <CustomBuild Include="precompiled.h">
      <Filter>Header Files</Filter>
    </CustomBuild>
    <ClInclude Include="Directory.h">
      <Filter>Header Files</Filter>
    </ClInclude>
    <CustomBuild Include="CharLineEdit.h">
      <Filter>Widgets</Filter>
    </CustomBuild>
    <ClInclude Include="GeneratedFiles\ui_OptionDialog.h">
      <Filter>Generated Files</Filter>
    </ClInclude>
    <ClInclude Include="QLogger.h">
      <Filter>Header Files</Filter>
    </ClInclude>
    <ClInclude Include="win\minidump.h">
      <Filter>Header Files</Filter>
    </ClInclude>
  </ItemGroup>
  <ItemGroup>
    <CustomBuild Include="build\moc_predefs.h.cbt">
      <Filter>Generated Files</Filter>
    </CustomBuild>
    <CustomBuild Include="QHotkey.h">
      <Filter>GlobalHotKey</Filter>
    </CustomBuild>
    <CustomBuild Include="QHotkeyP.h">
      <Filter>GlobalHotKey</Filter>
    </CustomBuild>
    <CustomBuild Include="FileBrowser.h">
      <Filter>Header Files</Filter>
    </CustomBuild>
    <CustomBuild Include="FileBrowserDelegate.h">
      <Filter>Header Files</Filter>
    </CustomBuild>
    <CustomBuild Include="win\platform_win.h">
      <Filter>Header Files</Filter>
    </CustomBuild>
    <CustomBuild Include="CharListWidget.h">
      <Filter>Widgets</Filter>
    </CustomBuild>
    <CustomBuild Include="LaunchyWidget.h">
      <Filter>Widgets</Filter>
    </CustomBuild>
    <CustomBuild Include="DropListWidget.h">
      <Filter>Widgets</Filter>
    </CustomBuild>
    <CustomBuild Include="OptionDialog.h">
      <Filter>Widgets</Filter>
    </CustomBuild>
    <CustomBuild Include="OptionDialog.ui">
      <Filter>Form Files</Filter>
    </CustomBuild>
  </ItemGroup>
  <ItemGroup>
    <None Include="..\translations\launchy_de.ts">
      <Filter>Translation Files</Filter>
    </None>
    <None Include="..\translations\launchy_es.ts">
      <Filter>Translation Files</Filter>
    </None>
    <None Include="..\translations\launchy_fr.ts">
      <Filter>Translation Files</Filter>
    </None>
    <None Include="..\translations\launchy_ja.ts">
      <Filter>Translation Files</Filter>
    </None>
    <None Include="..\translations\launchy_nl.ts">
      <Filter>Translation Files</Filter>
    </None>
    <None Include="..\translations\launchy_rus.ts">
      <Filter>Translation Files</Filter>
    </None>
    <None Include="..\translations\launchy_zh_TW.ts">
      <Filter>Translation Files</Filter>
    </None>
    <None Include="..\translations\launchy_zh.ts">
      <Filter>Translation Files</Filter>
    </None>
  </ItemGroup>
  <ItemGroup>
    <None Include="resources\basicskin.qss">
      <Filter>Resource Files</Filter>
    </None>
    <CustomBuild Include="launchy.qrc">
      <Filter>Resource Files</Filter>
    </CustomBuild>
    <None Include="resources\launchy128.png">
      <Filter>Resource Files</Filter>
    </None>
    <None Include="resources\launchy16.png">
      <Filter>Resource Files</Filter>
    </None>
  </ItemGroup>
  <ItemGroup>
    <ResourceCompile Include="win\launchy.rc">
      <Filter>Resource Files</Filter>
    </ResourceCompile>
  </ItemGroup>
  <ItemGroup>
    <ClInclude Include="AnimationLabel.h">
      <Filter>Widgets</Filter>
    </ClInclude>
  </ItemGroup>
</Project>